
Microsoft Visual Studio Solution File, Format Version 12.00
# Visual Studio 15
VisualStudioVersion = 15.0.28307.329
MinimumVisualStudioVersion = 10.0.40219.1
Project("{FAE04EC0-301F-11D3-BF4B-00C04F79EFBC}") = "Account", "Account\Account.csproj", "{4EDDAAB4-BC12-4DD0-9676-7AA48FC08B50}"
EndProject
Global
	GlobalSection(SolutionConfigurationPlatforms) = preSolution
		Debug|Any CPU = Debug|Any CPU
		Release|Any CPU = Release|Any CPU
	EndGlobalSection
	GlobalSection(ProjectConfigurationPlatforms) = postSolution
		{4EDDAAB4-BC12-4DD0-9676-7AA48FC08B50}.Debug|Any CPU.ActiveCfg = Debug|Any CPU
		{4EDDAAB4-BC12-4DD0-9676-7AA48FC08B50}.Debug|Any CPU.Build.0 = Debug|Any CPU
		{4EDDAAB4-BC12-4DD0-9676-7AA48FC08B50}.Release|Any CPU.ActiveCfg = Release|Any CPU
		{4EDDAAB4-BC12-4DD0-9676-7AA48FC08B50}.Release|Any CPU.Build.0 = Release|Any CPU
	EndGlobalSection
	GlobalSection(SolutionProperties) = preSolution
		HideSolutionNode = FALSE
	EndGlobalSection
	GlobalSection(ExtensibilityGlobals) = postSolution
		SolutionGuid = {1126C7BF-D5CC-435F-B0AB-9D91F0DF67EB}
	EndGlobalSection
EndGlobal
